
Microsoft Visual Studio Solution File, Format Version 12.00
Project("{FAE04EC0-301F-11D3-BF4B-00C04F79EFBC}") = "LoxCore", "LoxCore\LoxCore.csproj", "{37F7FAEE-C155-48FE-AA3C-87327B2B477B}"
EndProject
Project("{FAE04EC0-301F-11D3-BF4B-00C04F79EFBC}") = "Runner", "Runner\Runner.csproj", "{E0D401F1-5491-4C0A-AA93-5C8BABD8E911}"
EndProject
Project("{FAE04EC0-301F-11D3-BF4B-00C04F79EFBC}") = "Tests", "Tests\Tests.csproj", "{5B5800FB-DCD4-4667-A549-81576599994E}"
EndProject
Global
	GlobalSection(SolutionConfigurationPlatforms) = preSolution
		Debug|Any CPU = Debug|Any CPU
		Release|Any CPU = Release|Any CPU
	EndGlobalSection
	GlobalSection(ProjectConfigurationPlatforms) = postSolution
		{37F7FAEE-C155-48FE-AA3C-87327B2B477B}.Debug|Any CPU.ActiveCfg = Debug|Any CPU
		{37F7FAEE-C155-48FE-AA3C-87327B2B477B}.Debug|Any CPU.Build.0 = Debug|Any CPU
		{37F7FAEE-C155-48FE-AA3C-87327B2B477B}.Release|Any CPU.ActiveCfg = Release|Any CPU
		{37F7FAEE-C155-48FE-AA3C-87327B2B477B}.Release|Any CPU.Build.0 = Release|Any CPU
		{E0D401F1-5491-4C0A-AA93-5C8BABD8E911}.Debug|Any CPU.ActiveCfg = Debug|Any CPU
		{E0D401F1-5491-4C0A-AA93-5C8BABD8E911}.Debug|Any CPU.Build.0 = Debug|Any CPU
		{E0D401F1-5491-4C0A-AA93-5C8BABD8E911}.Release|Any CPU.ActiveCfg = Release|Any CPU
		{E0D401F1-5491-4C0A-AA93-5C8BABD8E911}.Release|Any CPU.Build.0 = Release|Any CPU
		{5B5800FB-DCD4-4667-A549-81576599994E}.Debug|Any CPU.ActiveCfg = Debug|Any CPU
		{5B5800FB-DCD4-4667-A549-81576599994E}.Debug|Any CPU.Build.0 = Debug|Any CPU
		{5B5800FB-DCD4-4667-A549-81576599994E}.Release|Any CPU.ActiveCfg = Release|Any CPU
		{5B5800FB-DCD4-4667-A549-81576599994E}.Release|Any CPU.Build.0 = Release|Any CPU
	EndGlobalSection
EndGlobal
